// !$*UTF8*$!
{
	archiveVersion = 1;
	classes = {
	};
	objectVersion = 77;
	objects = {

/* Begin PBXBuildFile section */
		0247018DDEA90F43864A2C74 /* VocabTopicView.swift in Sources */ = {isa = PBXBuildFile; fileRef = DF57E3FC0345B1A272ACD2C7 /* VocabTopicView.swift */; };
		0C73507A0BA21B506DBF296F /* VocabPracticeView.swift in Sources */ = {isa = PBXBuildFile; fileRef = FFA29E9EC6416C2B46F5FEE9 /* VocabPracticeView.swift */; };
		18DCD6AD8BC5D9ACCAA8C957 /* vocabulary.json in Resources */ = {isa = PBXBuildFile; fileRef = 996CCE43FCB51458FC31FD11 /* vocabulary.json */; };
		2C3467A92017D5E17F0A641D /* ExamDistribution.swift in Sources */ = {isa = PBXBuildFile; fileRef = 2337CA2C6DC74E7824097815 /* ExamDistribution.swift */; };
		2D1D0CEDC169E90CAD3B44A3 /* TopicListView.swift in Sources */ = {isa = PBXBuildFile; fileRef = 57414EE00F50D1920900A95B /* TopicListView.swift */; };
		2D1F8384CB6F4D88B94FE7F6 /* QuestionBank.swift in Sources */ = {isa = PBXBuildFile; fileRef = DC50E8BE1185E2C3CF3AD9AD /* QuestionBank.swift */; };
		32E33A4477ECD237C23D7735 /* Assets.xcassets in Resources */ = {isa = PBXBuildFile; fileRef = 84BED74718A08FD596045AB0 /* Assets.xcassets */; };
		4A7B16E6A49768E3436C7939 /* YDS70App.swift in Sources */ = {isa = PBXBuildFile; fileRef = 1FA6A522E3B5B8518EBD336A /* YDS70App.swift */; };
		61B447062046B468CAF16CAF /* HomeView.swift in Sources */ = {isa = PBXBuildFile; fileRef = D782A041D60A0927031EED0D /* HomeView.swift */; };
		76D3C07A7BE5BA6F91C9FA7D /* real_questions.json in Resources */ = {isa = PBXBuildFile; fileRef = 7F66D0A3CD6EE62C34944570 /* real_questions.json */; };
		954E239E2F4584BC09D64AFE /* seed_questions.json in Resources */ = {isa = PBXBuildFile; fileRef = 5461BE067A381B54F1E0B9F0 /* seed_questions.json */; };
		A5D122BAD7D0138040462560 /* Question.swift in Sources */ = {isa = PBXBuildFile; fileRef = AF6DCCF12455C0CF70B92BE3 /* Question.swift */; };
		A610157FC2E5C5B1D93DE904 /* ResultView.swift in Sources */ = {isa = PBXBuildFile; fileRef = 66B58BFC74F597291D062E2E /* ResultView.swift */; };
		ABB005D84A82B3612D7224FC /* VocabProgressStore.swift in Sources */ = {isa = PBXBuildFile; fileRef = F78A73918DF4E94A245EC5D9 /* VocabProgressStore.swift */; };
		B161641421E2420D85BCD637 /* VocabWord.swift in Sources */ = {isa = PBXBuildFile; fileRef = ADC11476693C2D86CCE9A16A /* VocabWord.swift */; };
		B972FCF9E215AD451764497B /* VocabBank.swift in Sources */ = {isa = PBXBuildFile; fileRef = 97B89FB203A8B2C0630E792D /* VocabBank.swift */; };
		BC5D8314182B7FD4C536C164 /* ExamType.swift in Sources */ = {isa = PBXBuildFile; fileRef = F2287DDBE61D9ACBDA64F4A1 /* ExamType.swift */; };
		D3417A3378C233FD5B075C52 /* PracticeSessionView.swift in Sources */ = {isa = PBXBuildFile; fileRef = 738DE2178D75247BC66308D9 /* PracticeSessionView.swift */; };
		D5E2CE8281214984DDBF2AC4 /* QuestionCategory.swift in Sources */ = {isa = PBXBuildFile; fileRef = 58E5755D1CAE0A9CD16C3492 /* QuestionCategory.swift */; };
		FD55CEF69D9158C54D46C20F /* Route.swift in Sources */ = {isa = PBXBuildFile; fileRef = C9E54B79ECA8038DD6F4AD9E /* Route.swift */; };
/* End PBXBuildFile section */

/* Begin PBXFileReference section */
		130FB3D6810633464658955D /* Info.plist */ = {isa = PBXFileReference; lastKnownFileType = text.plist; path = Info.plist; sourceTree = "<group>"; };
		1FA6A522E3B5B8518EBD336A /* YDS70App.swift */ = {isa = PBXFileReference; lastKnownFileType = sourcecode.swift; path = YDS70App.swift; sourceTree = "<group>"; };
		2337CA2C6DC74E7824097815 /* ExamDistribution.swift */ = {isa = PBXFileReference; lastKnownFileType = sourcecode.swift; path = ExamDistribution.swift; sourceTree = "<group>"; };
		3ED86D33B9CAE26ED6E3FD50 /* YDS70.app */ = {isa = PBXFileReference; includeInIndex = 0; lastKnownFileType = wrapper.application; path = YDS70.app; sourceTree = BUILT_PRODUCTS_DIR; };
		5461BE067A381B54F1E0B9F0 /* seed_questions.json */ = {isa = PBXFileReference; lastKnownFileType = text.json; path = seed_questions.json; sourceTree = "<group>"; };
		57414EE00F50D1920900A95B /* TopicListView.swift */ = {isa = PBXFileReference; lastKnownFileType = sourcecode.swift; path = TopicListView.swift; sourceTree = "<group>"; };
		58E5755D1CAE0A9CD16C3492 /* QuestionCategory.swift */ = {isa = PBXFileReference; lastKnownFileType = sourcecode.swift; path = QuestionCategory.swift; sourceTree = "<group>"; };
		66B58BFC74F597291D062E2E /* ResultView.swift */ = {isa = PBXFileReference; lastKnownFileType = sourcecode.swift; path = ResultView.swift; sourceTree = "<group>"; };
		738DE2178D75247BC66308D9 /* PracticeSessionView.swift */ = {isa = PBXFileReference; lastKnownFileType = sourcecode.swift; path = PracticeSessionView.swift; sourceTree = "<group>"; };
		7F66D0A3CD6EE62C34944570 /* real_questions.json */ = {isa = PBXFileReference; lastKnownFileType = text.json; path = real_questions.json; sourceTree = "<group>"; };
		84BED74718A08FD596045AB0 /* Assets.xcassets */ = {isa = PBXFileReference; lastKnownFileType = folder.assetcatalog; path = Assets.xcassets; sourceTree = "<group>"; };
		97B89FB203A8B2C0630E792D /* VocabBank.swift */ = {isa = PBXFileReference; lastKnownFileType = sourcecode.swift; path = VocabBank.swift; sourceTree = "<group>"; };
		996CCE43FCB51458FC31FD11 /* vocabulary.json */ = {isa = PBXFileReference; lastKnownFileType = text.json; path = vocabulary.json; sourceTree = "<group>"; };
		ADC11476693C2D86CCE9A16A /* VocabWord.swift */ = {isa = PBXFileReference; lastKnownFileType = sourcecode.swift; path = VocabWord.swift; sourceTree = "<group>"; };
		AF6DCCF12455C0CF70B92BE3 /* Question.swift */ = {isa = PBXFileReference; lastKnownFileType = sourcecode.swift; path = Question.swift; sourceTree = "<group>"; };
		C9E54B79ECA8038DD6F4AD9E /* Route.swift */ = {isa = PBXFileReference; lastKnownFileType = sourcecode.swift; path = Route.swift; sourceTree = "<group>"; };
		D782A041D60A0927031EED0D /* HomeView.swift */ = {isa = PBXFileReference; lastKnownFileType = sourcecode.swift; path = HomeView.swift; sourceTree = "<group>"; };
		DC50E8BE1185E2C3CF3AD9AD /* QuestionBank.swift */ = {isa = PBXFileReference; lastKnownFileType = sourcecode.swift; path = QuestionBank.swift; sourceTree = "<group>"; };
		DF57E3FC0345B1A272ACD2C7 /* VocabTopicView.swift */ = {isa = PBXFileReference; lastKnownFileType = sourcecode.swift; path = VocabTopicView.swift; sourceTree = "<group>"; };
		F2287DDBE61D9ACBDA64F4A1 /* ExamType.swift */ = {isa = PBXFileReference; lastKnownFileType = sourcecode.swift; path = ExamType.swift; sourceTree = "<group>"; };
		F78A73918DF4E94A245EC5D9 /* VocabProgressStore.swift */ = {isa = PBXFileReference; lastKnownFileType = sourcecode.swift; path = VocabProgressStore.swift; sourceTree = "<group>"; };
		FFA29E9EC6416C2B46F5FEE9 /* VocabPracticeView.swift */ = {isa = PBXFileReference; lastKnownFileType = sourcecode.swift; path = VocabPracticeView.swift; sourceTree = "<group>"; };
/* End PBXFileReference section */

/* Begin PBXGroup section */
		32D8660087538F0CEB910B69 /* Products */ = {
			isa = PBXGroup;
			children = (
				3ED86D33B9CAE26ED6E3FD50 /* YDS70.app */,
			);
			name = Products;
			sourceTree = "<group>";
		};
		8E468CA1B4AE4C71115B64B3 /* YDS70 */ = {
			isa = PBXGroup;
			children = (
				84BED74718A08FD596045AB0 /* Assets.xcassets */,
				130FB3D6810633464658955D /* Info.plist */,
				1FA6A522E3B5B8518EBD336A /* YDS70App.swift */,
				94B7CA854E9B930BC24B990C /* Data */,
				EC28DE110E2941C123DA2BCF /* Models */,
				D3D2F5A5FFBCFC579EEAC288 /* Views */,
			);
			path = YDS70;
			sourceTree = "<group>";
		};
		94B7CA854E9B930BC24B990C /* Data */ = {
			isa = PBXGroup;
			children = (
				DC50E8BE1185E2C3CF3AD9AD /* QuestionBank.swift */,
				7F66D0A3CD6EE62C34944570 /* real_questions.json */,
				5461BE067A381B54F1E0B9F0 /* seed_questions.json */,
				97B89FB203A8B2C0630E792D /* VocabBank.swift */,
				F78A73918DF4E94A245EC5D9 /* VocabProgressStore.swift */,
				996CCE43FCB51458FC31FD11 /* vocabulary.json */,
			);
			path = Data;
			sourceTree = "<group>";
		};
		BDDD66AA039219409D7611C5 = {
			isa = PBXGroup;
			children = (
				8E468CA1B4AE4C71115B64B3 /* YDS70 */,
				32D8660087538F0CEB910B69 /* Products */,
			);
			sourceTree = "<group>";
		};
		D3D2F5A5FFBCFC579EEAC288 /* Views */ = {
			isa = PBXGroup;
			children = (
				D782A041D60A0927031EED0D /* HomeView.swift */,
				738DE2178D75247BC66308D9 /* PracticeSessionView.swift */,
				66B58BFC74F597291D062E2E /* ResultView.swift */,
				C9E54B79ECA8038DD6F4AD9E /* Route.swift */,
				57414EE00F50D1920900A95B /* TopicListView.swift */,
				FFA29E9EC6416C2B46F5FEE9 /* VocabPracticeView.swift */,
				DF57E3FC0345B1A272ACD2C7 /* VocabTopicView.swift */,
			);
			path = Views;
			sourceTree = "<group>";
		};
		EC28DE110E2941C123DA2BCF /* Models */ = {
			isa = PBXGroup;
			children = (
				2337CA2C6DC74E7824097815 /* ExamDistribution.swift */,
				F2287DDBE61D9ACBDA64F4A1 /* ExamType.swift */,
				AF6DCCF12455C0CF70B92BE3 /* Question.swift */,
				58E5755D1CAE0A9CD16C3492 /* QuestionCategory.swift */,
				ADC11476693C2D86CCE9A16A /* VocabWord.swift */,
			);
			path = Models;
			sourceTree = "<group>";
		};
/* End PBXGroup section */

/* Begin PBXNativeTarget section */
		84D3D54C9116ECE514DB4DAD /* YDS70 */ = {
			isa = PBXNativeTarget;
			buildConfigurationList = B418AF39D5D3E7DB640186FF /* Build configuration list for PBXNativeTarget "YDS70" */;
			buildPhases = (
				947501EFCC45AB876FE77119 /* Sources */,
				305C692F006A6E8ED4416333 /* Resources */,
			);
			buildRules = (
			);
			dependencies = (
			);
			name = YDS70;
			packageProductDependencies = (
			);
			productName = YDS70;
			productReference = 3ED86D33B9CAE26ED6E3FD50 /* YDS70.app */;
			productType = "com.apple.product-type.application";
		};
/* End PBXNativeTarget section */

/* Begin PBXProject section */
		4BAD79F83F39A7644C7779C0 /* Project object */ = {
			isa = PBXProject;
			attributes = {
				BuildIndependentTargetsInParallel = YES;
				LastUpgradeCheck = 1430;
				TargetAttributes = {
					84D3D54C9116ECE514DB4DAD = {
						DevelopmentTeam = CQZBRVT8JN;
						ProvisioningStyle = Automatic;
					};
				};
			};
			buildConfigurationList = B6C3146174BF6CD54C1FF8CC /* Build configuration list for PBXProject "YDS70" */;
			developmentRegion = en;
			hasScannedForEncodings = 0;
			knownRegions = (
				Base,
				en,
			);
			mainGroup = BDDD66AA039219409D7611C5;
			minimizedProjectReferenceProxies = 1;
			preferredProjectObjectVersion = 77;
			productRefGroup = 32D8660087538F0CEB910B69 /* Products */;
			projectDirPath = "";
			projectRoot = "";
			targets = (
				84D3D54C9116ECE514DB4DAD /* YDS70 */,
			);
		};
/* End PBXProject section */

/* Begin PBXResourcesBuildPhase section */
		305C692F006A6E8ED4416333 /* Resources */ = {
			isa = PBXResourcesBuildPhase;
			buildActionMask = 2147483647;
			files = (
				32E33A4477ECD237C23D7735 /* Assets.xcassets in Resources */,
				76D3C07A7BE5BA6F91C9FA7D /* real_questions.json in Resources */,
				954E239E2F4584BC09D64AFE /* seed_questions.json in Resources */,
				18DCD6AD8BC5D9ACCAA8C957 /* vocabulary.json in Resources */,
			);
			runOnlyForDeploymentPostprocessing = 0;
		};
/* End PBXResourcesBuildPhase section */

/* Begin PBXSourcesBuildPhase section */
		947501EFCC45AB876FE77119 /* Sources */ = {
			isa = PBXSourcesBuildPhase;
			buildActionMask = 2147483647;
			files = (
				2C3467A92017D5E17F0A641D /* ExamDistribution.swift in Sources */,
				BC5D8314182B7FD4C536C164 /* ExamType.swift in Sources */,
				61B447062046B468CAF16CAF /* HomeView.swift in Sources */,
				D3417A3378C233FD5B075C52 /* PracticeSessionView.swift in Sources */,
				A5D122BAD7D0138040462560 /* Question.swift in Sources */,
				2D1F8384CB6F4D88B94FE7F6 /* QuestionBank.swift in Sources */,
				D5E2CE8281214984DDBF2AC4 /* QuestionCategory.swift in Sources */,
				A610157FC2E5C5B1D93DE904 /* ResultView.swift in Sources */,
				FD55CEF69D9158C54D46C20F /* Route.swift in Sources */,
				2D1D0CEDC169E90CAD3B44A3 /* TopicListView.swift in Sources */,
				B972FCF9E215AD451764497B /* VocabBank.swift in Sources */,
				0C73507A0BA21B506DBF296F /* VocabPracticeView.swift in Sources */,
				ABB005D84A82B3612D7224FC /* VocabProgressStore.swift in Sources */,
				0247018DDEA90F43864A2C74 /* VocabTopicView.swift in Sources */,
				B161641421E2420D85BCD637 /* VocabWord.swift in Sources */,
				4A7B16E6A49768E3436C7939 /* YDS70App.swift in Sources */,
			);
			runOnlyForDeploymentPostprocessing = 0;
		};
/* End PBXSourcesBuildPhase section */

/* Begin XCBuildConfiguration section */
		1A7918D3A8481679BEC1FA60 /* Release */ = {
			isa = XCBuildConfiguration;
			buildSettings = {
				ASSETCATALOG_COMPILER_APPICON_NAME = AppIcon;
				ASSETCATALOG_COMPILER_GLOBAL_ACCENT_COLOR_NAME = AccentColor;
				CODE_SIGN_IDENTITY = "iPhone Developer";
				CODE_SIGN_STYLE = Automatic;
				CURRENT_PROJECT_VERSION = 1;
				DEVELOPMENT_TEAM = CQZBRVT8JN;
				INFOPLIST_FILE = YDS70/Info.plist;
				LD_RUNPATH_SEARCH_PATHS = (
					"$(inherited)",
					"@executable_path/Frameworks",
				);
				MARKETING_VERSION = 1.0;
				PRODUCT_BUNDLE_IDENTIFIER = com.soraycengiz.YDS70;
				SDKROOT = iphoneos;
				SWIFT_VERSION = 5.0;
				TARGETED_DEVICE_FAMILY = 1;
			};
			name = Release;
		};
		31AA5D704F0C274D0DB5B5B0 /* Release */ = {
			isa = XCBuildConfiguration;
			buildSettings = {
				ALWAYS_SEARCH_USER_PATHS = NO;
				CLANG_ANALYZER_NONNULL = YES;
				CLANG_ANALYZER_NUMBER_OBJECT_CONVERSION = YES_AGGRESSIVE;
				CLANG_CXX_LANGUAGE_STANDARD = "gnu++14";
				CLANG_CXX_LIBRARY = "libc++";
				CLANG_ENABLE_MODULES = YES;
				CLANG_ENABLE_OBJC_ARC = YES;
				CLANG_ENABLE_OBJC_WEAK = YES;
				CLANG_WARN_BLOCK_CAPTURE_AUTORELEASING = YES;
				CLANG_WARN_BOOL_CONVERSION = YES;
				CLANG_WARN_COMMA = YES;
				CLANG_WARN_CONSTANT_CONVERSION = YES;
				CLANG_WARN_DEPRECATED_OBJC_IMPLEMENTATIONS = YES;
				CLANG_WARN_DIRECT_OBJC_ISA_USAGE = YES_ERROR;
				CLANG_WARN_DOCUMENTATION_COMMENTS = YES;
				CLANG_WARN_EMPTY_BODY = YES;
				CLANG_WARN_ENUM_CONVERSION = YES;
				CLANG_WARN_INFINITE_RECURSION = YES;
				CLANG_WARN_INT_CONVERSION = YES;
				CLANG_WARN_NON_LITERAL_NULL_CONVERSION = YES;
				CLANG_WARN_OBJC_IMPLICIT_RETAIN_SELF = YES;
				CLANG_WARN_OBJC_LITERAL_CONVERSION = YES;
				CLANG_WARN_OBJC_ROOT_CLASS = YES_ERROR;
				CLANG_WARN_QUOTED_INCLUDE_IN_FRAMEWORK_HEADER = YES;
				CLANG_WARN_RANGE_LOOP_ANALYSIS = YES;
				CLANG_WARN_STRICT_PROTOTYPES = YES;
				CLANG_WARN_SUSPICIOUS_MOVE = YES;
				CLANG_WARN_UNGUARDED_AVAILABILITY = YES_AGGRESSIVE;
				CLANG_WARN_UNREACHABLE_CODE = YES;
				CLANG_WARN__DUPLICATE_METHOD_MATCH = YES;
				COPY_PHASE_STRIP = NO;
				DEBUG_INFORMATION_FORMAT = "dwarf-with-dsym";
				ENABLE_NS_ASSERTIONS = NO;
				ENABLE_STRICT_OBJC_MSGSEND = YES;
				GCC_C_LANGUAGE_STANDARD = gnu11;
				GCC_NO_COMMON_BLOCKS = YES;
				GCC_WARN_64_TO_32_BIT_CONVERSION = YES;
				GCC_WARN_ABOUT_RETURN_TYPE = YES_ERROR;
				GCC_WARN_UNDECLARED_SELECTOR = YES;
				GCC_WARN_UNINITIALIZED_AUTOS = YES_AGGRESSIVE;
				GCC_WARN_UNUSED_FUNCTION = YES;
				GCC_WARN_UNUSED_VARIABLE = YES;
				IPHONEOS_DEPLOYMENT_TARGET = 17.0;
				MTL_ENABLE_DEBUG_INFO = NO;
				MTL_FAST_MATH = YES;
				PRODUCT_NAME = "$(TARGET_NAME)";
				SDKROOT = iphoneos;
				SWIFT_COMPILATION_MODE = wholemodule;
				SWIFT_OPTIMIZATION_LEVEL = "-O";
				SWIFT_VERSION = 5.0;
			};
			name = Release;
		};
		4D0AA88712CE64E0BCB8FD25 /* Debug */ = {
			isa = XCBuildConfiguration;
			buildSettings = {
				ALWAYS_SEARCH_USER_PATHS = NO;
				CLANG_ANALYZER_NONNULL = YES;
				CLANG_ANALYZER_NUMBER_OBJECT_CONVERSION = YES_AGGRESSIVE;
				CLANG_CXX_LANGUAGE_STANDARD = "gnu++14";
				CLANG_CXX_LIBRARY = "libc++";
				CLANG_ENABLE_MODULES = YES;
				CLANG_ENABLE_OBJC_ARC = YES;
				CLANG_ENABLE_OBJC_WEAK = YES;
				CLANG_WARN_BLOCK_CAPTURE_AUTORELEASING = YES;
				CLANG_WARN_BOOL_CONVERSION = YES;
				CLANG_WARN_COMMA = YES;
				CLANG_WARN_CONSTANT_CONVERSION = YES;
				CLANG_WARN_DEPRECATED_OBJC_IMPLEMENTATIONS = YES;
				CLANG_WARN_DIRECT_OBJC_ISA_USAGE = YES_ERROR;
				CLANG_WARN_DOCUMENTATION_COMMENTS = YES;
				CLANG_WARN_EMPTY_BODY = YES;
				CLANG_WARN_ENUM_CONVERSION = YES;
				CLANG_WARN_INFINITE_RECURSION = YES;
				CLANG_WARN_INT_CONVERSION = YES;
				CLANG_WARN_NON_LITERAL_NULL_CONVERSION = YES;
				CLANG_WARN_OBJC_IMPLICIT_RETAIN_SELF = YES;
				CLANG_WARN_OBJC_LITERAL_CONVERSION = YES;
				CLANG_WARN_OBJC_ROOT_CLASS = YES_ERROR;
				CLANG_WARN_QUOTED_INCLUDE_IN_FRAMEWORK_HEADER = YES;
				CLANG_WARN_RANGE_LOOP_ANALYSIS = YES;
				CLANG_WARN_STRICT_PROTOTYPES = YES;
				CLANG_WARN_SUSPICIOUS_MOVE = YES;
				CLANG_WARN_UNGUARDED_AVAILABILITY = YES_AGGRESSIVE;
				CLANG_WARN_UNREACHABLE_CODE = YES;
				CLANG_WARN__DUPLICATE_METHOD_MATCH = YES;
				COPY_PHASE_STRIP = NO;
				DEBUG_INFORMATION_FORMAT = dwarf;
				ENABLE_STRICT_OBJC_MSGSEND = YES;
				ENABLE_TESTABILITY = YES;
				GCC_C_LANGUAGE_STANDARD = gnu11;
				GCC_DYNAMIC_NO_PIC = NO;
				GCC_NO_COMMON_BLOCKS = YES;
				GCC_OPTIMIZATION_LEVEL = 0;
				GCC_PREPROCESSOR_DEFINITIONS = (
					"$(inherited)",
					"DEBUG=1",
				);
				GCC_WARN_64_TO_32_BIT_CONVERSION = YES;
				GCC_WARN_ABOUT_RETURN_TYPE = YES_ERROR;
				GCC_WARN_UNDECLARED_SELECTOR = YES;
				GCC_WARN_UNINITIALIZED_AUTOS = YES_AGGRESSIVE;
				GCC_WARN_UNUSED_FUNCTION = YES;
				GCC_WARN_UNUSED_VARIABLE = YES;
				IPHONEOS_DEPLOYMENT_TARGET = 17.0;
				MTL_ENABLE_DEBUG_INFO = INCLUDE_SOURCE;
				MTL_FAST_MATH = YES;
				ONLY_ACTIVE_ARCH = YES;
				PRODUCT_NAME = "$(TARGET_NAME)";
				SDKROOT = iphoneos;
				SWIFT_ACTIVE_COMPILATION_CONDITIONS = DEBUG;
				SWIFT_OPTIMIZATION_LEVEL = "-Onone";
				SWIFT_VERSION = 5.0;
			};
			name = Debug;
		};
		4D74C093F6184B928DEAC9E9 /* Debug */ = {
			isa = XCBuildConfiguration;
			buildSettings = {
				ASSETCATALOG_COMPILER_APPICON_NAME = AppIcon;
				ASSETCATALOG_COMPILER_GLOBAL_ACCENT_COLOR_NAME = AccentColor;
				CODE_SIGN_IDENTITY = "iPhone Developer";
				CODE_SIGN_STYLE = Automatic;
				CURRENT_PROJECT_VERSION = 1;
				DEVELOPMENT_TEAM = CQZBRVT8JN;
				INFOPLIST_FILE = YDS70/Info.plist;
				LD_RUNPATH_SEARCH_PATHS = (
					"$(inherited)",
					"@executable_path/Frameworks",
				);
				MARKETING_VERSION = 1.0;
				PRODUCT_BUNDLE_IDENTIFIER = com.soraycengiz.YDS70;
				SDKROOT = iphoneos;
				SWIFT_VERSION = 5.0;
				TARGETED_DEVICE_FAMILY = 1;
			};
			name = Debug;
		};
/* End XCBuildConfiguration section */

/* Begin XCConfigurationList section */
		B418AF39D5D3E7DB640186FF /* Build configuration list for PBXNativeTarget "YDS70" */ = {
			isa = XCConfigurationList;
			buildConfigurations = (
				4D74C093F6184B928DEAC9E9 /* Debug */,
				1A7918D3A8481679BEC1FA60 /* Release */,
			);
			defaultConfigurationIsVisible = 0;
			defaultConfigurationName = Debug;
		};
		B6C3146174BF6CD54C1FF8CC /* Build configuration list for PBXProject "YDS70" */ = {
			isa = XCConfigurationList;
			buildConfigurations = (
				4D0AA88712CE64E0BCB8FD25 /* Debug */,
				31AA5D704F0C274D0DB5B5B0 /* Release */,
			);
			defaultConfigurationIsVisible = 0;
			defaultConfigurationName = Debug;
		};
/* End XCConfigurationList section */
	};
	rootObject = 4BAD79F83F39A7644C7779C0 /* Project object */;
}
